<?xml version="1.0" encoding="UTF-8"?>
<!DOCTYPE plist PUBLIC "-//Apple//DTD PLIST 1.0//EN" "http://www.apple.com/DTDs/PropertyList-1.0.dtd">
<plist version="1.0">
<dict>
	<key>archiveVersion</key>
	<string>1</string>
	<key>classes</key>
	<dict/>
	<key>objectVersion</key>
	<string>46</string>
	<key>objects</key>
	<dict>
		<key>02E070AC154093D700BF4BCE</key>
		<dict>
			<key>children</key>
			<array>
				<string>02E070C1154093D700BF4BCE</string>
				<string>02E070E8154093D800BF4BCE</string>
				<string>02E070BA154093D700BF4BCE</string>
				<string>02E070B8154093D700BF4BCE</string>
				<string>B857EFE19BE34977B31640B0</string>
			</array>
			<key>isa</key>
			<string>PBXGroup</string>
			<key>sourceTree</key>
			<string>&lt;group&gt;</string>
		</dict>
		<key>02E070AE154093D700BF4BCE</key>
		<dict>
			<key>attributes</key>
			<dict>
				<key>CLASSPREFIX</key>
				<string>RF</string>
				<key>LastUpgradeCheck</key>
				<string>0430</string>
				<key>ORGANIZATIONNAME</key>
				<string>Itv</string>
			</dict>
			<key>buildConfigurationList</key>
			<string>02E070B1154093D700BF4BCE</string>
			<key>compatibilityVersion</key>
			<string>Xcode 3.2</string>
			<key>developmentRegion</key>
			<string>English</string>
			<key>hasScannedForEncodings</key>
			<string>0</string>
			<key>isa</key>
			<string>PBXProject</string>
			<key>knownRegions</key>
			<array>
				<string>en</string>
			</array>
			<key>mainGroup</key>
			<string>02E070AC154093D700BF4BCE</string>
			<key>productRefGroup</key>
			<string>02E070B8154093D700BF4BCE</string>
			<key>projectDirPath</key>
			<string></string>
			<key>projectRoot</key>
			<string></string>
			<key>targets</key>
			<array>
				<string>02E070B6154093D700BF4BCE</string>
				<string>02E070E0154093D800BF4BCE</string>
			</array>
		</dict>
		<key>02E070B1154093D700BF4BCE</key>
		<dict>
			<key>buildConfigurations</key>
			<array>
				<string>02E070F1154093D800BF4BCE</string>
				<string>02E070F2154093D800BF4BCE</string>
			</array>
			<key>defaultConfigurationIsVisible</key>
			<string>0</string>
			<key>defaultConfigurationName</key>
			<string>Release</string>
			<key>isa</key>
			<string>XCConfigurationList</string>
		</dict>
		<key>02E070B3154093D700BF4BCE</key>
		<dict>
			<key>buildActionMask</key>
			<string>2147483647</string>
			<key>files</key>
			<array>
				<string>02E070C8154093D700BF4BCE</string>
				<string>02E070CC154093D700BF4BCE</string>
				<string>02E070CF154093D700BF4BCE</string>
				<string>02E070D2154093D700BF4BCE</string>
				<string>02E070D5154093D700BF4BCE</string>
			</array>
			<key>isa</key>
			<string>PBXSourcesBuildPhase</string>
			<key>runOnlyForDeploymentPostprocessing</key>
			<string>0</string>
		</dict>
		<key>02E070B4154093D700BF4BCE</key>
		<dict>
			<key>buildActionMask</key>
			<string>2147483647</string>
			<key>files</key>
			<array>
				<string>02E070BC154093D700BF4BCE</string>
				<string>02E070BE154093D700BF4BCE</string>
				<string>02E070C0154093D700BF4BCE</string>
				<string>1B62D4BB49344DF29D9AC2C8</string>
			</array>
			<key>isa</key>
			<string>PBXFrameworksBuildPhase</string>
			<key>runOnlyForDeploymentPostprocessing</key>
			<string>0</string>
		</dict>
		<key>02E070B5154093D700BF4BCE</key>
		<dict>
			<key>buildActionMask</key>
			<string>2147483647</string>
			<key>files</key>
			<array>
				<string>02E070C6154093D700BF4BCE</string>
				<string>02E070D8154093D700BF4BCE</string>
				<string>02E070DB154093D800BF4BCE</string>
			</array>
			<key>isa</key>
			<string>PBXResourcesBuildPhase</string>
			<key>runOnlyForDeploymentPostprocessing</key>
			<string>0</string>
		</dict>
		<key>02E070B6154093D700BF4BCE</key>
		<dict>
			<key>buildConfigurationList</key>
			<string>02E070F3154093D800BF4BCE</string>
			<key>buildPhases</key>
			<array>
				<string>02E070B3154093D700BF4BCE</string>
				<string>02E070B4154093D700BF4BCE</string>
				<string>02E070B5154093D700BF4BCE</string>
				<string>862917E5C09744A58E43D760</string>
			</array>
			<key>buildRules</key>
			<array/>
			<key>dependencies</key>
			<array/>
			<key>isa</key>
			<string>PBXNativeTarget</string>
			<key>name</key>
			<string>DailyChallenge</string>
			<key>productName</key>
			<string>DailyChallenge</string>
			<key>productReference</key>
			<string>02E070B7154093D700BF4BCE</string>
			<key>productType</key>
			<string>com.apple.product-type.application</string>
		</dict>
		<key>02E070B7154093D700BF4BCE</key>
		<dict>
			<key>explicitFileType</key>
			<string>wrapper.application</string>
			<key>includeInIndex</key>
			<string>0</string>
			<key>isa</key>
			<string>PBXFileReference</string>
			<key>name</key>
			<string>DailyChallenge.app</string>
			<key>path</key>
			<string>DailyChallenge.app</string>
			<key>sourceTree</key>
			<string>BUILT_PRODUCTS_DIR</string>
		</dict>
		<key>02E070B8154093D700BF4BCE</key>
		<dict>
			<key>children</key>
			<array>
				<string>02E070B7154093D700BF4BCE</string>
				<string>02E070E1154093D800BF4BCE</string>
			</array>
			<key>isa</key>
			<string>PBXGroup</string>
			<key>name</key>
			<string>Products</string>
			<key>sourceTree</key>
			<string>&lt;group&gt;</string>
		</dict>
		<key>02E070BA154093D700BF4BCE</key>
		<dict>
			<key>children</key>
			<array>
				<string>02E070BB154093D700BF4BCE</string>
				<string>02E070BD154093D700BF4BCE</string>
				<string>02E070BF154093D700BF4BCE</string>
				<string>02E070E2154093D800BF4BCE</string>
				<string>7FFE5D6352A449D6AA7DCC2C</string>
			</array>
			<key>isa</key>
			<string>PBXGroup</string>
			<key>name</key>
			<string>Frameworks</string>
			<key>sourceTree</key>
			<string>&lt;group&gt;</string>
		</dict>
		<key>02E070BB154093D700BF4BCE</key>
		<dict>
			<key>isa</key>
			<string>PBXFileReference</string>
			<key>lastKnownFileType</key>
			<string>wrapper.framework</string>
			<key>name</key>
			<string>UIKit.framework</string>
			<key>path</key>
			<string>System/Library/Frameworks/UIKit.framework</string>
			<key>sourceTree</key>
			<string>SDKROOT</string>
		</dict>
		<key>02E070BC154093D700BF4BCE</key>
		<dict>
			<key>fileRef</key>
			<string>02E070BB154093D700BF4BCE</string>
			<key>isa</key>
			<string>PBXBuildFile</string>
		</dict>
		<key>02E070BD154093D700BF4BCE</key>
		<dict>
			<key>isa</key>
			<string>PBXFileReference</string>
			<key>lastKnownFileType</key>
			<string>wrapper.framework</string>
			<key>name</key>
			<string>Foundation.framework</string>
			<key>path</key>
			<string>System/Library/Frameworks/Foundation.framework</string>
			<key>sourceTree</key>
			<string>SDKROOT</string>
		</dict>
		<key>02E070BE154093D700BF4BCE</key>
		<dict>
			<key>fileRef</key>
			<string>02E070BD154093D700BF4BCE</string>
			<key>isa</key>
			<string>PBXBuildFile</string>
		</dict>
		<key>02E070BF154093D700BF4BCE</key>
		<dict>
			<key>isa</key>
			<string>PBXFileReference</string>
			<key>lastKnownFileType</key>
			<string>wrapper.framework</string>
			<key>name</key>
			<string>CoreGraphics.framework</string>
			<key>path</key>
			<string>System/Library/Frameworks/CoreGraphics.framework</string>
			<key>sourceTree</key>
			<string>SDKROOT</string>
		</dict>
		<key>02E070C0154093D700BF4BCE</key>
		<dict>
			<key>fileRef</key>
			<string>02E070BF154093D700BF4BCE</string>
			<key>isa</key>
			<string>PBXBuildFile</string>
		</dict>
		<key>02E070C1154093D700BF4BCE</key>
		<dict>
			<key>children</key>
			<array>
				<string>02E070CA154093D700BF4BCE</string>
				<string>02E070CB154093D700BF4BCE</string>
				<string>02E070CD154093D700BF4BCE</string>
				<string>02E070CE154093D700BF4BCE</string>
				<string>02E070D0154093D700BF4BCE</string>
				<string>02E070D1154093D700BF4BCE</string>
				<string>02E070D3154093D700BF4BCE</string>
				<string>02E070D4154093D700BF4BCE</string>
				<string>02E070D6154093D700BF4BCE</string>
				<string>02E070D9154093D800BF4BCE</string>
				<string>02E070C2154093D700BF4BCE</string>
			</array>
			<key>isa</key>
			<string>PBXGroup</string>
			<key>path</key>
			<string>DailyChallenge</string>
			<key>sourceTree</key>
			<string>&lt;group&gt;</string>
		</dict>
		<key>02E070C2154093D700BF4BCE</key>
		<dict>
			<key>children</key>
			<array>
				<string>02E070C3154093D700BF4BCE</string>
				<string>02E070C4154093D700BF4BCE</string>
				<string>02E070C7154093D700BF4BCE</string>
				<string>02E070C9154093D700BF4BCE</string>
			</array>
			<key>isa</key>
			<string>PBXGroup</string>
			<key>name</key>
			<string>Supporting Files</string>
			<key>sourceTree</key>
			<string>&lt;group&gt;</string>
		</dict>
		<key>02E070C3154093D700BF4BCE</key>
		<dict>
			<key>isa</key>
			<string>PBXFileReference</string>
			<key>lastKnownFileType</key>
			<string>text.plist.xml</string>
			<key>name</key>
			<string>DailyChallenge-Info.plist</string>
			<key>path</key>
			<string>DailyChallenge-Info.plist</string>
			<key>sourceTree</key>
			<string>&lt;group&gt;</string>
		</dict>
		<key>02E070C4154093D700BF4BCE</key>
		<dict>
			<key>children</key>
			<array>
				<string>02E070C5154093D700BF4BCE</string>
			</array>
			<key>isa</key>
			<string>PBXVariantGroup</string>
			<key>name</key>
			<string>InfoPlist.strings</string>
			<key>sourceTree</key>
			<string>&lt;group&gt;</string>
		</dict>
		<key>02E070C5154093D700BF4BCE</key>
		<dict>
			<key>isa</key>
			<string>PBXFileReference</string>
			<key>lastKnownFileType</key>
			<string>text.plist.strings</string>
			<key>name</key>
			<string>en</string>
			<key>path</key>
			<string>en.lproj/InfoPlist.strings</string>
			<key>sourceTree</key>
			<string>&lt;group&gt;</string>
		</dict>
		<key>02E070C6154093D700BF4BCE</key>
		<dict>
			<key>fileRef</key>
			<string>02E070C4154093D700BF4BCE</string>
			<key>isa</key>
			<string>PBXBuildFile</string>
		</dict>
		<key>02E070C7154093D700BF4BCE</key>
		<dict>
			<key>isa</key>
			<string>PBXFileReference</string>
			<key>lastKnownFileType</key>
			<string>sourcecode.c.objc</string>
			<key>name</key>
			<string>main.m</string>
			<key>path</key>
			<string>main.m</string>
			<key>sourceTree</key>
			<string>&lt;group&gt;</string>
		</dict>
		<key>02E070C8154093D700BF4BCE</key>
		<dict>
			<key>fileRef</key>
			<string>02E070C7154093D700BF4BCE</string>
			<key>isa</key>
			<string>PBXBuildFile</string>
		</dict>
		<key>02E070C9154093D700BF4BCE</key>
		<dict>
			<key>isa</key>
			<string>PBXFileReference</string>
			<key>lastKnownFileType</key>
			<string>sourcecode.c.h</string>
			<key>name</key>
			<string>DailyChallenge-Prefix.pch</string>
			<key>path</key>
			<string>DailyChallenge-Prefix.pch</string>
			<key>sourceTree</key>
			<string>&lt;group&gt;</string>
		</dict>
		<key>02E070CA154093D700BF4BCE</key>
		<dict>
			<key>isa</key>
			<string>PBXFileReference</string>
			<key>lastKnownFileType</key>
			<string>sourcecode.c.h</string>
			<key>name</key>
			<string>RFAppDelegate.h</string>
			<key>path</key>
			<string>RFAppDelegate.h</string>
			<key>sourceTree</key>
			<string>&lt;group&gt;</string>
		</dict>
		<key>02E070CB154093D700BF4BCE</key>
		<dict>
			<key>isa</key>
			<string>PBXFileReference</string>
			<key>lastKnownFileType</key>
			<string>sourcecode.c.objc</string>
			<key>name</key>
			<string>RFAppDelegate.m</string>
			<key>path</key>
			<string>RFAppDelegate.m</string>
			<key>sourceTree</key>
			<string>&lt;group&gt;</string>
		</dict>
		<key>02E070CC154093D700BF4BCE</key>
		<dict>
			<key>fileRef</key>
			<string>02E070CB154093D700BF4BCE</string>
			<key>isa</key>
			<string>PBXBuildFile</string>
		</dict>
		<key>02E070CD154093D700BF4BCE</key>
		<dict>
			<key>isa</key>
			<string>PBXFileReference</string>
			<key>lastKnownFileType</key>
			<string>sourcecode.c.h</string>
			<key>name</key>
			<string>RFRootViewController.h</string>
			<key>path</key>
			<string>RFRootViewController.h</string>
			<key>sourceTree</key>
			<string>&lt;group&gt;</string>
		</dict>
		<key>02E070CE154093D700BF4BCE</key>
		<dict>
			<key>isa</key>
			<string>PBXFileReference</string>
			<key>lastKnownFileType</key>
			<string>sourcecode.c.objc</string>
			<key>name</key>
			<string>RFRootViewController.m</string>
			<key>path</key>
			<string>RFRootViewController.m</string>
			<key>sourceTree</key>
			<string>&lt;group&gt;</string>
		</dict>
		<key>02E070CF154093D700BF4BCE</key>
		<dict>
			<key>fileRef</key>
			<string>02E070CE154093D700BF4BCE</string>
			<key>isa</key>
			<string>PBXBuildFile</string>
		</dict>
		<key>02E070D0154093D700BF4BCE</key>
		<dict>
			<key>isa</key>
			<string>PBXFileReference</string>
			<key>lastKnownFileType</key>
			<string>sourcecode.c.h</string>
			<key>name</key>
			<string>RFDataViewController.h</string>
			<key>path</key>
			<string>RFDataViewController.h</string>
			<key>sourceTree</key>
			<string>&lt;group&gt;</string>
		</dict>
		<key>02E070D1154093D700BF4BCE</key>
		<dict>
			<key>isa</key>
			<string>PBXFileReference</string>
			<key>lastKnownFileType</key>
			<string>sourcecode.c.objc</string>
			<key>name</key>
			<string>RFDataViewController.m</string>
			<key>path</key>
			<string>RFDataViewController.m</string>
			<key>sourceTree</key>
			<string>&lt;group&gt;</string>
		</dict>
		<key>02E070D2154093D700BF4BCE</key>
		<dict>
			<key>fileRef</key>
			<string>02E070D1154093D700BF4BCE</string>
			<key>isa</key>
			<string>PBXBuildFile</string>
		</dict>
		<key>02E070D3154093D700BF4BCE</key>
		<dict>
			<key>isa</key>
			<string>PBXFileReference</string>
			<key>lastKnownFileType</key>
			<string>sourcecode.c.h</string>
			<key>name</key>
			<string>RFModelController.h</string>
			<key>path</key>
			<string>RFModelController.h</string>
			<key>sourceTree</key>
			<string>&lt;group&gt;</string>
		</dict>
		<key>02E070D4154093D700BF4BCE</key>
		<dict>
			<key>isa</key>
			<string>PBXFileReference</string>
			<key>lastKnownFileType</key>
			<string>sourcecode.c.objc</string>
			<key>name</key>
			<string>RFModelController.m</string>
			<key>path</key>
			<string>RFModelController.m</string>
			<key>sourceTree</key>
			<string>&lt;group&gt;</string>
		</dict>
		<key>02E070D5154093D700BF4BCE</key>
		<dict>
			<key>fileRef</key>
			<string>02E070D4154093D700BF4BCE</string>
			<key>isa</key>
			<string>PBXBuildFile</string>
		</dict>
		<key>02E070D6154093D700BF4BCE</key>
		<dict>
			<key>children</key>
			<array>
				<string>02E070D7154093D700BF4BCE</string>
			</array>
			<key>isa</key>
			<string>PBXVariantGroup</string>
			<key>name</key>
			<string>MainStoryboard_iPhone.storyboard</string>
			<key>sourceTree</key>
			<string>&lt;group&gt;</string>
		</dict>
		<key>02E070D7154093D700BF4BCE</key>
		<dict>
			<key>isa</key>
			<string>PBXFileReference</string>
			<key>lastKnownFileType</key>
			<string>file.storyboard</string>
			<key>name</key>
			<string>en</string>
			<key>path</key>
			<string>en.lproj/MainStoryboard_iPhone.storyboard</string>
			<key>sourceTree</key>
			<string>&lt;group&gt;</string>
		</dict>
		<key>02E070D8154093D700BF4BCE</key>
		<dict>
			<key>fileRef</key>
			<string>02E070D6154093D700BF4BCE</string>
			<key>isa</key>
			<string>PBXBuildFile</string>
		</dict>
		<key>02E070D9154093D800BF4BCE</key>
		<dict>
			<key>children</key>
			<array>
				<string>02E070DA154093D800BF4BCE</string>
			</array>
			<key>isa</key>
			<string>PBXVariantGroup</string>
			<key>name</key>
			<string>MainStoryboard_iPad.storyboard</string>
			<key>sourceTree</key>
			<string>&lt;group&gt;</string>
		</dict>
		<key>02E070DA154093D800BF4BCE</key>
		<dict>
			<key>isa</key>
			<string>PBXFileReference</string>
			<key>lastKnownFileType</key>
			<string>file.storyboard</string>
			<key>name</key>
			<string>en</string>
			<key>path</key>
			<string>en.lproj/MainStoryboard_iPad.storyboard</string>
			<key>sourceTree</key>
			<string>&lt;group&gt;</string>
		</dict>
		<key>02E070DB154093D800BF4BCE</key>
		<dict>
			<key>fileRef</key>
			<string>02E070D9154093D800BF4BCE</string>
			<key>isa</key>
			<string>PBXBuildFile</string>
		</dict>
		<key>02E070DC154093D800BF4BCE</key>
		<dict>
			<key>buildActionMask</key>
			<string>2147483647</string>
			<key>files</key>
			<array>
				<string>02E070F0154093D800BF4BCE</string>
			</array>
			<key>isa</key>
			<string>PBXSourcesBuildPhase</string>
			<key>runOnlyForDeploymentPostprocessing</key>
			<string>0</string>
		</dict>
		<key>02E070DD154093D800BF4BCE</key>
		<dict>
			<key>buildActionMask</key>
			<string>2147483647</string>
			<key>files</key>
			<array>
				<string>02E070E3154093D800BF4BCE</string>
				<string>02E070E4154093D800BF4BCE</string>
				<string>02E070E5154093D800BF4BCE</string>
				<string>75F3ED1E29D44280A3CB7F51</string>
			</array>
			<key>isa</key>
			<string>PBXFrameworksBuildPhase</string>
			<key>runOnlyForDeploymentPostprocessing</key>
			<string>0</string>
		</dict>
		<key>02E070DE154093D800BF4BCE</key>
		<dict>
			<key>buildActionMask</key>
			<string>2147483647</string>
			<key>files</key>
			<array>
				<string>02E070ED154093D800BF4BCE</string>
			</array>
			<key>isa</key>
			<string>PBXResourcesBuildPhase</string>
			<key>runOnlyForDeploymentPostprocessing</key>
			<string>0</string>
		</dict>
		<key>02E070DF154093D800BF4BCE</key>
		<dict>
			<key>buildActionMask</key>
			<string>2147483647</string>
			<key>files</key>
			<array/>
			<key>inputPaths</key>
			<array/>
			<key>isa</key>
			<string>PBXShellScriptBuildPhase</string>
			<key>outputPaths</key>
			<array/>
			<key>runOnlyForDeploymentPostprocessing</key>
			<string>0</string>
			<key>shellPath</key>
			<string>/bin/sh</string>
			<key>shellScript</key>
			<string># Run the unit tests in this test bundle.
"${SYSTEM_DEVELOPER_DIR}/Tools/RunUnitTests"
</string>
		</dict>
		<key>02E070E0154093D800BF4BCE</key>
		<dict>
			<key>buildConfigurationList</key>
			<string>02E070F6154093D800BF4BCE</string>
			<key>buildPhases</key>
			<array>
				<string>02E070DC154093D800BF4BCE</string>
				<string>02E070DD154093D800BF4BCE</string>
				<string>02E070DE154093D800BF4BCE</string>
				<string>02E070DF154093D800BF4BCE</string>
				<string>862917E5C09744A58E43D760</string>
			</array>
			<key>buildRules</key>
			<array/>
			<key>dependencies</key>
			<array>
				<string>02E070E7154093D800BF4BCE</string>
			</array>
			<key>isa</key>
			<string>PBXNativeTarget</string>
			<key>name</key>
			<string>DailyChallengeTests</string>
			<key>productName</key>
			<string>DailyChallengeTests</string>
			<key>productReference</key>
			<string>02E070E1154093D800BF4BCE</string>
			<key>productType</key>
			<string>com.apple.product-type.bundle</string>
		</dict>
		<key>02E070E1154093D800BF4BCE</key>
		<dict>
			<key>explicitFileType</key>
			<string>wrapper.cfbundle</string>
			<key>includeInIndex</key>
			<string>0</string>
			<key>isa</key>
			<string>PBXFileReference</string>
			<key>name</key>
			<string>DailyChallengeTests.octest</string>
			<key>path</key>
			<string>DailyChallengeTests.octest</string>
			<key>sourceTree</key>
			<string>BUILT_PRODUCTS_DIR</string>
		</dict>
		<key>02E070E2154093D800BF4BCE</key>
		<dict>
			<key>isa</key>
			<string>PBXFileReference</string>
			<key>lastKnownFileType</key>
			<string>wrapper.framework</string>
			<key>name</key>
			<string>SenTestingKit.framework</string>
			<key>path</key>
			<string>Library/Frameworks/SenTestingKit.framework</string>
			<key>sourceTree</key>
			<string>DEVELOPER_DIR</string>
		</dict>
		<key>02E070E3154093D800BF4BCE</key>
		<dict>
			<key>fileRef</key>
			<string>02E070E2154093D800BF4BCE</string>
			<key>isa</key>
			<string>PBXBuildFile</string>
		</dict>
		<key>02E070E4154093D800BF4BCE</key>
		<dict>
			<key>fileRef</key>
			<string>02E070BB154093D700BF4BCE</string>
			<key>isa</key>
			<string>PBXBuildFile</string>
		</dict>
		<key>02E070E5154093D800BF4BCE</key>
		<dict>
			<key>fileRef</key>
			<string>02E070BD154093D700BF4BCE</string>
			<key>isa</key>
			<string>PBXBuildFile</string>
		</dict>
		<key>02E070E6154093D800BF4BCE</key>
		<dict>
			<key>containerPortal</key>
			<string>02E070AE154093D700BF4BCE</string>
			<key>isa</key>
			<string>PBXContainerItemProxy</string>
			<key>proxyType</key>
			<string>1</string>
			<key>remoteGlobalIDString</key>
			<string>02E070B6154093D700BF4BCE</string>
			<key>remoteInfo</key>
			<string>DailyChallenge</string>
		</dict>
		<key>02E070E7154093D800BF4BCE</key>
		<dict>
			<key>isa</key>
			<string>PBXTargetDependency</string>
			<key>target</key>
			<string>02E070B6154093D700BF4BCE</string>
			<key>targetProxy</key>
			<string>02E070E6154093D800BF4BCE</string>
		</dict>
		<key>02E070E8154093D800BF4BCE</key>
		<dict>
			<key>children</key>
			<array>
				<string>02E070EE154093D800BF4BCE</string>
				<string>02E070EF154093D800BF4BCE</string>
				<string>02E070E9154093D800BF4BCE</string>
			</array>
			<key>isa</key>
			<string>PBXGroup</string>
			<key>path</key>
			<string>DailyChallengeTests</string>
			<key>sourceTree</key>
			<string>&lt;group&gt;</string>
		</dict>
		<key>02E070E9154093D800BF4BCE</key>
		<dict>
			<key>children</key>
			<array>
				<string>02E070EA154093D800BF4BCE</string>
				<string>02E070EB154093D800BF4BCE</string>
			</array>
			<key>isa</key>
			<string>PBXGroup</string>
			<key>name</key>
			<string>Supporting Files</string>
			<key>sourceTree</key>
			<string>&lt;group&gt;</string>
		</dict>
		<key>02E070EA154093D800BF4BCE</key>
		<dict>
			<key>isa</key>
			<string>PBXFileReference</string>
			<key>lastKnownFileType</key>
			<string>text.plist.xml</string>
			<key>name</key>
			<string>DailyChallengeTests-Info.plist</string>
			<key>path</key>
			<string>DailyChallengeTests-Info.plist</string>
			<key>sourceTree</key>
			<string>&lt;group&gt;</string>
		</dict>
		<key>02E070EB154093D800BF4BCE</key>
		<dict>
			<key>children</key>
			<array>
				<string>02E070EC154093D800BF4BCE</string>
			</array>
			<key>isa</key>
			<string>PBXVariantGroup</string>
			<key>name</key>
			<string>InfoPlist.strings</string>
			<key>sourceTree</key>
			<string>&lt;group&gt;</string>
		</dict>
		<key>02E070EC154093D800BF4BCE</key>
		<dict>
			<key>isa</key>
			<string>PBXFileReference</string>
			<key>lastKnownFileType</key>
			<string>text.plist.strings</string>
			<key>name</key>
			<string>en</string>
			<key>path</key>
			<string>en.lproj/InfoPlist.strings</string>
			<key>sourceTree</key>
			<string>&lt;group&gt;</string>
		</dict>
		<key>02E070ED154093D800BF4BCE</key>
		<dict>
			<key>fileRef</key>
			<string>02E070EB154093D800BF4BCE</string>
			<key>isa</key>
			<string>PBXBuildFile</string>
		</dict>
		<key>02E070EE154093D800BF4BCE</key>
		<dict>
			<key>isa</key>
			<string>PBXFileReference</string>
			<key>lastKnownFileType</key>
			<string>sourcecode.c.h</string>
			<key>name</key>
			<string>DailyChallengeTests.h</string>
			<key>path</key>
			<string>DailyChallengeTests.h</string>
			<key>sourceTree</key>
			<string>&lt;group&gt;</string>
		</dict>
		<key>02E070EF154093D800BF4BCE</key>
		<dict>
			<key>isa</key>
			<string>PBXFileReference</string>
			<key>lastKnownFileType</key>
			<string>sourcecode.c.objc</string>
			<key>name</key>
			<string>DailyChallengeTests.m</string>
			<key>path</key>
			<string>DailyChallengeTests.m</string>
			<key>sourceTree</key>
			<string>&lt;group&gt;</string>
		</dict>
		<key>02E070F0154093D800BF4BCE</key>
		<dict>
			<key>fileRef</key>
			<string>02E070EF154093D800BF4BCE</string>
			<key>isa</key>
			<string>PBXBuildFile</string>
		</dict>
		<key>02E070F1154093D800BF4BCE</key>
		<dict>
			<key>buildSettings</key>
			<dict>
				<key>ALWAYS_SEARCH_USER_PATHS</key>
				<string>NO</string>
				<key>ARCHS</key>
				<string>$(ARCHS_STANDARD_32_BIT)</string>
				<key>CLANG_ENABLE_OBJC_ARC</key>
				<string>YES</string>
				<key>CODE_SIGN_IDENTITY[sdk=iphoneos*]</key>
				<string>iPhone Developer</string>
				<key>COPY_PHASE_STRIP</key>
				<string>NO</string>
				<key>GCC_C_LANGUAGE_STANDARD</key>
				<string>gnu99</string>
				<key>GCC_DYNAMIC_NO_PIC</key>
				<string>NO</string>
				<key>GCC_OPTIMIZATION_LEVEL</key>
				<string>0</string>
				<key>GCC_PREPROCESSOR_DEFINITIONS</key>
				<array>
					<string>DEBUG=1</string>
					<string>$(inherited)</string>
				</array>
				<key>GCC_SYMBOLS_PRIVATE_EXTERN</key>
				<string>NO</string>
				<key>GCC_VERSION</key>
				<string>com.apple.compilers.llvm.clang.1_0</string>
				<key>GCC_WARN_ABOUT_RETURN_TYPE</key>
				<string>YES</string>
				<key>GCC_WARN_UNINITIALIZED_AUTOS</key>
				<string>YES</string>
				<key>GCC_WARN_UNUSED_VARIABLE</key>
				<string>YES</string>
				<key>IPHONEOS_DEPLOYMENT_TARGET</key>
				<string>5.1</string>
				<key>SDKROOT</key>
				<string>iphoneos</string>
				<key>TARGETED_DEVICE_FAMILY</key>
				<string>1,2</string>
			</dict>
			<key>isa</key>
			<string>XCBuildConfiguration</string>
			<key>name</key>
			<string>Debug</string>
		</dict>
		<key>02E070F2154093D800BF4BCE</key>
		<dict>
			<key>buildSettings</key>
			<dict>
				<key>ALWAYS_SEARCH_USER_PATHS</key>
				<string>NO</string>
				<key>ARCHS</key>
				<string>$(ARCHS_STANDARD_32_BIT)</string>
				<key>CLANG_ENABLE_OBJC_ARC</key>
				<string>YES</string>
				<key>CODE_SIGN_IDENTITY[sdk=iphoneos*]</key>
				<string>iPhone Developer</string>
				<key>COPY_PHASE_STRIP</key>
				<string>YES</string>
				<key>GCC_C_LANGUAGE_STANDARD</key>
				<string>gnu99</string>
				<key>GCC_VERSION</key>
				<string>com.apple.compilers.llvm.clang.1_0</string>
				<key>GCC_WARN_ABOUT_RETURN_TYPE</key>
				<string>YES</string>
				<key>GCC_WARN_UNINITIALIZED_AUTOS</key>
				<string>YES</string>
				<key>GCC_WARN_UNUSED_VARIABLE</key>
				<string>YES</string>
				<key>IPHONEOS_DEPLOYMENT_TARGET</key>
				<string>5.1</string>
				<key>OTHER_CFLAGS</key>
				<string>-DNS_BLOCK_ASSERTIONS=1</string>
				<key>SDKROOT</key>
				<string>iphoneos</string>
				<key>TARGETED_DEVICE_FAMILY</key>
				<string>1,2</string>
				<key>VALIDATE_PRODUCT</key>
				<string>YES</string>
			</dict>
			<key>isa</key>
			<string>XCBuildConfiguration</string>
			<key>name</key>
			<string>Release</string>
		</dict>
		<key>02E070F3154093D800BF4BCE</key>
		<dict>
			<key>buildConfigurations</key>
			<array>
				<string>02E070F4154093D800BF4BCE</string>
				<string>02E070F5154093D800BF4BCE</string>
			</array>
			<key>defaultConfigurationIsVisible</key>
			<string>0</string>
			<key>isa</key>
			<string>XCConfigurationList</string>
		</dict>
		<key>02E070F4154093D800BF4BCE</key>
		<dict>
			<key>baseConfigurationReference</key>
			<string>B857EFE19BE34977B31640B0</string>
			<key>buildSettings</key>
			<dict>
				<key>DSTROOT</key>
				<string>/tmp/xcodeproj.dst</string>
				<key>GCC_PRECOMPILE_PREFIX_HEADER</key>
				<string>YES</string>
				<key>GCC_PREFIX_HEADER</key>
				<string>DailyChallenge/DailyChallenge-Prefix.pch</string>
				<key>GCC_VERSION</key>
				<string>com.apple.compilers.llvm.clang.1_0</string>
				<key>INFOPLIST_FILE</key>
				<string>DailyChallenge/DailyChallenge-Info.plist</string>
				<key>PRODUCT_NAME</key>
				<string>$(TARGET_NAME)</string>
				<key>SKIP_INSTALL</key>
				<string>YES</string>
				<key>WRAPPER_EXTENSION</key>
				<string>app</string>
			</dict>
			<key>isa</key>
			<string>XCBuildConfiguration</string>
			<key>name</key>
			<string>Debug</string>
		</dict>
		<key>02E070F5154093D800BF4BCE</key>
		<dict>
			<key>baseConfigurationReference</key>
			<string>B857EFE19BE34977B31640B0</string>
			<key>buildSettings</key>
			<dict>
				<key>DSTROOT</key>
				<string>/tmp/xcodeproj.dst</string>
				<key>GCC_PRECOMPILE_PREFIX_HEADER</key>
				<string>YES</string>
				<key>GCC_PREFIX_HEADER</key>
				<string>DailyChallenge/DailyChallenge-Prefix.pch</string>
				<key>GCC_VERSION</key>
				<string>com.apple.compilers.llvm.clang.1_0</string>
				<key>INFOPLIST_FILE</key>
				<string>DailyChallenge/DailyChallenge-Info.plist</string>
				<key>PRODUCT_NAME</key>
				<string>$(TARGET_NAME)</string>
				<key>SKIP_INSTALL</key>
				<string>YES</string>
				<key>WRAPPER_EXTENSION</key>
				<string>app</string>
			</dict>
			<key>isa</key>
			<string>XCBuildConfiguration</string>
			<key>name</key>
			<string>Release</string>
		</dict>
		<key>02E070F6154093D800BF4BCE</key>
		<dict>
			<key>buildConfigurations</key>
			<array>
				<string>02E070F7154093D800BF4BCE</string>
				<string>02E070F8154093D800BF4BCE</string>
			</array>
			<key>defaultConfigurationIsVisible</key>
			<string>0</string>
			<key>isa</key>
			<string>XCConfigurationList</string>
		</dict>
		<key>02E070F7154093D800BF4BCE</key>
		<dict>
			<key>baseConfigurationReference</key>
			<string>B857EFE19BE34977B31640B0</string>
			<key>buildSettings</key>
			<dict>
				<key>BUNDLE_LOADER</key>
				<string>$(BUILT_PRODUCTS_DIR)/DailyChallenge.app/DailyChallenge</string>
				<key>DSTROOT</key>
				<string>/tmp/xcodeproj.dst</string>
				<key>FRAMEWORK_SEARCH_PATHS</key>
				<array>
					<string>$(SDKROOT)/Developer/Library/Frameworks</string>
					<string>$(DEVELOPER_LIBRARY_DIR)/Frameworks</string>
				</array>
				<key>GCC_PRECOMPILE_PREFIX_HEADER</key>
				<string>YES</string>
				<key>GCC_PREFIX_HEADER</key>
				<string>DailyChallenge/DailyChallenge-Prefix.pch</string>
				<key>GCC_VERSION</key>
				<string>com.apple.compilers.llvm.clang.1_0</string>
				<key>INFOPLIST_FILE</key>
				<string>DailyChallengeTests/DailyChallengeTests-Info.plist</string>
				<key>PRODUCT_NAME</key>
				<string>$(TARGET_NAME)</string>
				<key>SKIP_INSTALL</key>
				<string>YES</string>
				<key>TEST_HOST</key>
				<string>$(BUNDLE_LOADER)</string>
				<key>WRAPPER_EXTENSION</key>
				<string>octest</string>
			</dict>
			<key>isa</key>
			<string>XCBuildConfiguration</string>
			<key>name</key>
			<string>Debug</string>
		</dict>
		<key>02E070F8154093D800BF4BCE</key>
		<dict>
			<key>baseConfigurationReference</key>
			<string>B857EFE19BE34977B31640B0</string>
			<key>buildSettings</key>
			<dict>
				<key>BUNDLE_LOADER</key>
				<string>$(BUILT_PRODUCTS_DIR)/DailyChallenge.app/DailyChallenge</string>
				<key>DSTROOT</key>
				<string>/tmp/xcodeproj.dst</string>
				<key>FRAMEWORK_SEARCH_PATHS</key>
				<array>
					<string>$(SDKROOT)/Developer/Library/Frameworks</string>
					<string>$(DEVELOPER_LIBRARY_DIR)/Frameworks</string>
				</array>
				<key>GCC_PRECOMPILE_PREFIX_HEADER</key>
				<string>YES</string>
				<key>GCC_PREFIX_HEADER</key>
				<string>DailyChallenge/DailyChallenge-Prefix.pch</string>
				<key>GCC_VERSION</key>
				<string>com.apple.compilers.llvm.clang.1_0</string>
				<key>INFOPLIST_FILE</key>
				<string>DailyChallengeTests/DailyChallengeTests-Info.plist</string>
				<key>PRODUCT_NAME</key>
				<string>$(TARGET_NAME)</string>
				<key>SKIP_INSTALL</key>
				<string>YES</string>
				<key>TEST_HOST</key>
				<string>$(BUNDLE_LOADER)</string>
				<key>WRAPPER_EXTENSION</key>
				<string>octest</string>
			</dict>
			<key>isa</key>
			<string>XCBuildConfiguration</string>
			<key>name</key>
			<string>Release</string>
		</dict>
		<key>1B62D4BB49344DF29D9AC2C8</key>
		<dict>
			<key>fileRef</key>
			<string>7FFE5D6352A449D6AA7DCC2C</string>
			<key>isa</key>
			<string>PBXBuildFile</string>
		</dict>
		<key>75F3ED1E29D44280A3CB7F51</key>
		<dict>
			<key>fileRef</key>
			<string>7FFE5D6352A449D6AA7DCC2C</string>
			<key>isa</key>
			<string>PBXBuildFile</string>
		</dict>
		<key>7FFE5D6352A449D6AA7DCC2C</key>
		<dict>
			<key>explicitFileType</key>
			<string>archive.ar</string>
			<key>includeInIndex</key>
			<string>0</string>
			<key>isa</key>
			<string>PBXFileReference</string>
			<key>name</key>
			<string>libPods.a</string>
			<key>path</key>
			<string>libPods.a</string>
			<key>sourceTree</key>
			<string>BUILT_PRODUCTS_DIR</string>
		</dict>
		<key>862917E5C09744A58E43D760</key>
		<dict>
			<key>buildActionMask</key>
			<string>2147483647</string>
			<key>files</key>
			<array/>
			<key>inputPaths</key>
			<array/>
			<key>isa</key>
			<string>PBXShellScriptBuildPhase</string>
			<key>name</key>
			<string>Copy Pods Resources</string>
			<key>outputPaths</key>
			<array/>
			<key>runOnlyForDeploymentPostprocessing</key>
			<string>0</string>
			<key>shellPath</key>
			<string>/bin/sh</string>
			<key>shellScript</key>
			<string>"${SRCROOT}/Pods/Pods-resources.sh"
</string>
		</dict>
		<key>B857EFE19BE34977B31640B0</key>
		<dict>
			<key>isa</key>
			<string>PBXFileReference</string>
			<key>lastKnownFileType</key>
			<string>text.xcconfig</string>
			<key>name</key>
			<string>Pods.xcconfig</string>
			<key>path</key>
			<string>Pods/Pods.xcconfig</string>
			<key>sourceTree</key>
			<string>SOURCE_ROOT</string>
		</dict>
	</dict>
	<key>rootObject</key>
	<string>02E070AE154093D700BF4BCE</string>
</dict>
</plist>
